
Microsoft Visual Studio Solution File, Format Version 12.00
# Visual Studio Version 16
VisualStudioVersion = 16.0.31229.75
MinimumVisualStudioVersion = 10.0.40219.1
Project("{FAE04EC0-301F-11D3-BF4B-00C04F79EFBC}") = "pruebaEquitel", "pruebaEquitel.csproj", "{2939816F-449F-4534-B0DF-C5E786735F4F}"
EndProject
Global
	GlobalSection(SolutionConfigurationPlatforms) = preSolution
		Debug|Any CPU = Debug|Any CPU
		Release|Any CPU = Release|Any CPU
	EndGlobalSection
	GlobalSection(ProjectConfigurationPlatforms) = postSolution
		{2939816F-449F-4534-B0DF-C5E786735F4F}.Debug|Any CPU.ActiveCfg = Debug|Any CPU
		{2939816F-449F-4534-B0DF-C5E786735F4F}.Debug|Any CPU.Build.0 = Debug|Any CPU
		{2939816F-449F-4534-B0DF-C5E786735F4F}.Release|Any CPU.ActiveCfg = Release|Any CPU
		{2939816F-449F-4534-B0DF-C5E786735F4F}.Release|Any CPU.Build.0 = Release|Any CPU
	EndGlobalSection
	GlobalSection(SolutionProperties) = preSolution
		HideSolutionNode = FALSE
	EndGlobalSection
	GlobalSection(ExtensibilityGlobals) = postSolution
		SolutionGuid = {08743D00-C221-4D1C-AC83-2A3EF405F7BC}
	EndGlobalSection
EndGlobal
